Microsoft Visual Studio Solution File, Format Version 12.00
# Visual Studio Version 17
VisualStudioVersion = 17.5.2.0
MinimumVisualStudioVersion = 10.0.40219.1
Project("{FAE04EC0-301F-11D3-BF4B-00C04F79EFBC}") = "VisioraAPI", "VisioraAPI.csproj", "{083CA003-228B-00DB-EF0F-351CE6583652}"
EndProject
Global
	GlobalSection(SolutionConfigurationPlatforms) = preSolution
		Debug|Any CPU = Debug|Any CPU
		Release|Any CPU = Release|Any CPU
	EndGlobalSection
	GlobalSection(ProjectConfigurationPlatforms) = postSolution
		{083CA003-228B-00DB-EF0F-351CE6583652}.Debug|Any CPU.ActiveCfg = Debug|Any CPU
		{083CA003-228B-00DB-EF0F-351CE6583652}.Debug|Any CPU.Build.0 = Debug|Any CPU
		{083CA003-228B-00DB-EF0F-351CE6583652}.Release|Any CPU.ActiveCfg = Release|Any CPU
		{083CA003-228B-00DB-EF0F-351CE6583652}.Release|Any CPU.Build.0 = Release|Any CPU
	EndGlobalSection
	GlobalSection(SolutionProperties) = preSolution
		HideSolutionNode = FALSE
	EndGlobalSection
	GlobalSection(ExtensibilityGlobals) = postSolution
		SolutionGuid = {649DCD8E-A1E1-41EB-8F1F-AF88BB327E77}
	EndGlobalSection
EndGlobal
